
Microsoft Visual Studio Solution File, Format Version 12.00
# Visual Studio Version 17
VisualStudioVersion = 17.12.35417.141
MinimumVisualStudioVersion = 10.0.40219.1
Project("{FAE04EC0-301F-11D3-BF4B-00C04F79EFBC}") = "Temperatura", "Temperatura.csproj", "{14D8C3CA-7C07-4289-80AD-BF20004DBDC8}"
EndProject
Project("{FAE04EC0-301F-11D3-BF4B-00C04F79EFBC}") = "Temperatura.Specs", "..\Temperatura.Specs\Temperatura.Specs.csproj", "{A84DF640-82AC-4916-AECD-99E88DFE2141}"
EndProject
Global
	GlobalSection(SolutionConfigurationPlatforms) = preSolution
		Debug|Any CPU = Debug|Any CPU
		Release|Any CPU = Release|Any CPU
	EndGlobalSection
	GlobalSection(ProjectConfigurationPlatforms) = postSolution
		{14D8C3CA-7C07-4289-80AD-BF20004DBDC8}.Debug|Any CPU.ActiveCfg = Debug|Any CPU
		{14D8C3CA-7C07-4289-80AD-BF20004DBDC8}.Debug|Any CPU.Build.0 = Debug|Any CPU
		{14D8C3CA-7C07-4289-80AD-BF20004DBDC8}.Release|Any CPU.ActiveCfg = Release|Any CPU
		{14D8C3CA-7C07-4289-80AD-BF20004DBDC8}.Release|Any CPU.Build.0 = Release|Any CPU
		{A84DF640-82AC-4916-AECD-99E88DFE2141}.Debug|Any CPU.ActiveCfg = Debug|Any CPU
		{A84DF640-82AC-4916-AECD-99E88DFE2141}.Debug|Any CPU.Build.0 = Debug|Any CPU
		{A84DF640-82AC-4916-AECD-99E88DFE2141}.Release|Any CPU.ActiveCfg = Release|Any CPU
		{A84DF640-82AC-4916-AECD-99E88DFE2141}.Release|Any CPU.Build.0 = Release|Any CPU
	EndGlobalSection
	GlobalSection(SolutionProperties) = preSolution
		HideSolutionNode = FALSE
	EndGlobalSection
EndGlobal
